// !$*UTF8*$!
{
	archiveVersion = 1;
	classes = {
	};
	objectVersion = 48;
	objects = {

/* Begin PBXBuildFile section */
		42623B671FF9425700100BAC /* AppDelegate.swift in Sources */ = {isa = PBXBuildFile; fileRef = 42623B661FF9425700100BAC /* AppDelegate.swift */; };
		42623B691FF9425700100BAC /* ViewController.swift in Sources */ = {isa = PBXBuildFile; fileRef = 42623B681FF9425700100BAC /* ViewController.swift */; };
		42623B6C1FF9425700100BAC /* Main.storyboard in Resources */ = {isa = PBXBuildFile; fileRef = 42623B6A1FF9425700100BAC /* Main.storyboard */; };
		42623B6E1FF9425700100BAC /* Assets.xcassets in Resources */ = {isa = PBXBuildFile; fileRef = 42623B6D1FF9425700100BAC /* Assets.xcassets */; };
		42623B711FF9425700100BAC /* LaunchScreen.storyboard in Resources */ = {isa = PBXBuildFile; fileRef = 42623B6F1FF9425700100BAC /* LaunchScreen.storyboard */; };
		42623B7A1FF9516100100BAC /* CornerRadius.swift in Sources */ = {isa = PBXBuildFile; fileRef = 42623B791FF9516100100BAC /* CornerRadius.swift */; };
/* End PBXBuildFile section */

/* Begin PBXFileReference section */
		42623B631FF9425700100BAC /* Dev-profile.app */ = {isa = PBXFileReference; explicitFileType = wrapper.application; includeInIndex = 0; path = "Dev-profile.app"; sourceTree = BUILT_PRODUCTS_DIR; };
		42623B661FF9425700100BAC /* AppDelegate.swift */ = {isa = PBXFileReference; lastKnownFileType = sourcecode.swift; path = AppDelegate.swift; sourceTree = "<group>"; };
		42623B681FF9425700100BAC /* ViewController.swift */ = {isa = PBXFileReference; lastKnownFileType = sourcecode.swift; path = ViewController.swift; sourceTree = "<group>"; };
		42623B6B1FF9425700100BAC /* Base */ = {isa = PBXFileReference; lastKnownFileType = file.storyboard; name = Base; path = Base.lproj/Main.storyboard; sourceTree = "<group>"; };
		42623B6D1FF9425700100BAC /* Assets.xcassets */ = {isa = PBXFileReference; lastKnownFileType = folder.assetcatalog; path = Assets.xcassets; sourceTree = "<group>"; };
		42623B701FF9425700100BAC /* Base */ = {isa = PBXFileReference; lastKnownFileType = file.storyboard; name = Base; path = Base.lproj/LaunchScreen.storyboard; sourceTree = "<group>"; };
		42623B721FF9425700100BAC /* Info.plist */ = {isa = PBXFileReference; lastKnownFileType = text.plist.xml; path = Info.plist; sourceTree = "<group>"; };
		42623B791FF9516100100BAC /* CornerRadius.swift */ = {isa = PBXFileReference; lastKnownFileType = sourcecode.swift; path = CornerRadius.swift; sourceTree = "<group>"; };
/* End PBXFileReference section */

/* Begin PBXFrameworksBuildPhase section */
		42623B601FF9425700100BAC /* Frameworks */ = {
			isa = PBXFrameworksBuildPhase;
			buildActionMask = 2147483647;
			files = (
			);
			runOnlyForDeploymentPostprocessing = 0;
		};
/* End PBXFrameworksBuildPhase section */

/* Begin PBXGroup section */
		42623B5A1FF9425600100BAC = {
			isa = PBXGroup;
			children = (
				42623B651FF9425700100BAC /* Dev-profile */,
				42623B641FF9425700100BAC /* Products */,
			);
			sourceTree = "<group>";
		};
		42623B641FF9425700100BAC /* Products */ = {
			isa = PBXGroup;
			children = (
				42623B631FF9425700100BAC /* Dev-profile.app */,
			);
			name = Products;
			sourceTree = "<group>";
		};
		42623B651FF9425700100BAC /* Dev-profile */ = {
			isa = PBXGroup;
			children = (
				42623B781FF9510100100BAC /* View */,
				42623B661FF9425700100BAC /* AppDelegate.swift */,
				42623B681FF9425700100BAC /* ViewController.swift */,
				42623B6A1FF9425700100BAC /* Main.storyboard */,
				42623B6D1FF9425700100BAC /* Assets.xcassets */,
				42623B6F1FF9425700100BAC /* LaunchScreen.storyboard */,
				42623B721FF9425700100BAC /* Info.plist */,
			);
			path = "Dev-profile";
			sourceTree = "<group>";
		};
		42623B781FF9510100100BAC /* View */ = {
			isa = PBXGroup;
			children = (
				42623B791FF9516100100BAC /* CornerRadius.swift */,
			);
			path = View;
			sourceTree = "<group>";
		};
/* End PBXGroup section */

/* Begin PBXNativeTarget section */
		42623B621FF9425700100BAC /* Dev-profile */ = {
			isa = PBXNativeTarget;
			buildConfigurationList = 42623B751FF9425700100BAC /* Build configuration list for PBXNativeTarget "Dev-profile" */;
			buildPhases = (
				42623B5F1FF9425700100BAC /* Sources */,
				42623B601FF9425700100BAC /* Frameworks */,
				42623B611FF9425700100BAC /* Resources */,
			);
			buildRules = (
			);
			dependencies = (
			);
			name = "Dev-profile";
			productName = "Dev-profile";
			productReference = 42623B631FF9425700100BAC /* Dev-profile.app */;
			productType = "com.apple.product-type.application";
		};
/* End PBXNativeTarget section */

/* Begin PBXProject section */
		42623B5B1FF9425600100BAC /* Project object */ = {
			isa = PBXProject;
			attributes = {
				LastSwiftUpdateCheck = 0920;
				LastUpgradeCheck = 0920;
				ORGANIZATIONNAME = "Gabriel Balta";
				TargetAttributes = {
					42623B621FF9425700100BAC = {
						CreatedOnToolsVersion = 9.2;
						ProvisioningStyle = Automatic;
					};
				};
			};
			buildConfigurationList = 42623B5E1FF9425600100BAC /* Build configuration list for PBXProject "Dev-profile" */;
			compatibilityVersion = "Xcode 8.0";
			developmentRegion = en;
			hasScannedForEncodings = 0;
			knownRegions = (
				en,
				Base,
			);
			mainGroup = 42623B5A1FF9425600100BAC;
			productRefGroup = 42623B641FF9425700100BAC /* Products */;
			projectDirPath = "";
			projectRoot = "";
			targets = (
				42623B621FF9425700100BAC /* Dev-profile */,
			);
		};
/* End PBXProject section */

/* Begin PBXResourcesBuildPhase section */
		42623B611FF9425700100BAC /* Resources */ = {
			isa = PBXResourcesBuildPhase;
			buildActionMask = 2147483647;
			files = (
				42623B711FF9425700100BAC /* LaunchScreen.storyboard in Resources */,
				42623B6E1FF9425700100BAC /* Assets.xcassets in Resources */,
				42623B6C1FF9425700100BAC /* Main.storyboard in Resources */,
			);
			runOnlyForDeploymentPostprocessing = 0;
		};
/* End PBXResourcesBuildPhase section */

/* Begin PBXSourcesBuildPhase section */
		42623B5F1FF9425700100BAC /* Sources */ = {
			isa = PBXSourcesBuildPhase;
			buildActionMask = 2147483647;
			files = (
				42623B691FF9425700100BAC /* ViewController.swift in Sources */,
				42623B671FF9425700100BAC /* AppDelegate.swift in Sources */,
				42623B7A1FF9516100100BAC /* CornerRadius.swift in Sources */,
			);
			runOnlyForDeploymentPostprocessing = 0;
		};
/* End PBXSourcesBuildPhase section */

/* Begin PBXVariantGroup section */
		42623B6A1FF9425700100BAC /* Main.storyboard */ = {
			isa = PBXVariantGroup;
			children = (
				42623B6B1FF9425700100BAC /* Base */,
			);
			name = Main.storyboard;
			sourceTree = "<group>";
		};
		42623B6F1FF9425700100BAC /* LaunchScreen.storyboard */ = {
			isa = PBXVariantGroup;
			children = (
				42623B701FF9425700100BAC /* Base */,
			);
			name = LaunchScreen.storyboard;
			sourceTree = "<group>";
		};
/* End PBXVariantGroup section */

/* Begin XCBuildConfiguration section */
		42623B731FF9425700100BAC /* Debug */ = {
			isa = XCBuildConfiguration;
			buildSettings = {
				ALWAYS_SEARCH_USER_PATHS = NO;
				CLANG_ANALYZER_NONNULL = YES;
				CLANG_ANALYZER_NUMBER_OBJECT_CONVERSION = YES_AGGRESSIVE;
				CLANG_CXX_LANGUAGE_STANDARD = "gnu++14";
				CLANG_CXX_LIBRARY = "libc++";
				CLANG_ENABLE_MODULES = YES;
				CLANG_ENABLE_OBJC_ARC = YES;
				CLANG_WARN_BLOCK_CAPTURE_AUTORELEASING = YES;
				CLANG_WARN_BOOL_CONVERSION = YES;
				CLANG_WARN_COMMA = YES;
				CLANG_WARN_CONSTANT_CONVERSION = YES;
				CLANG_WARN_DIRECT_OBJC_ISA_USAGE = YES_ERROR;
				CLANG_WARN_DOCUMENTATION_COMMENTS = YES;
				CLANG_WARN_EMPTY_BODY = YES;
				CLANG_WARN_ENUM_CONVERSION = YES;
				CLANG_WARN_INFINITE_RECURSION = YES;
				CLANG_WARN_INT_CONVERSION = YES;
				CLANG_WARN_NON_LITERAL_NULL_CONVERSION = YES;
				CLANG_WARN_OBJC_LITERAL_CONVERSION = YES;
				CLANG_WARN_OBJC_ROOT_CLASS = YES_ERROR;
				CLANG_WARN_RANGE_LOOP_ANALYSIS = YES;
				CLANG_WARN_STRICT_PROTOTYPES = YES;
				CLANG_WARN_SUSPICIOUS_MOVE = YES;
				CLANG_WARN_UNGUARDED_AVAILABILITY = YES_AGGRESSIVE;
				CLANG_WARN_UNREACHABLE_CODE = YES;
				CLANG_WARN__DUPLICATE_METHOD_MATCH = YES;
				CODE_SIGN_IDENTITY = "iPhone Developer";
				COPY_PHASE_STRIP = NO;
				DEBUG_INFORMATION_FORMAT = dwarf;
				ENABLE_STRICT_OBJC_MSGSEND = YES;
				ENABLE_TESTABILITY = YES;
				GCC_C_LANGUAGE_STANDARD = gnu11;
				GCC_DYNAMIC_NO_PIC = NO;
				GCC_NO_COMMON_BLOCKS = YES;
				GCC_OPTIMIZATION_LEVEL = 0;
				GCC_PREPROCESSOR_DEFINITIONS = (
					"DEBUG=1",
					"$(inherited)",
				);
				GCC_WARN_64_TO_32_BIT_CONVERSION = YES;
				GCC_WARN_ABOUT_RETURN_TYPE = YES_ERROR;
				GCC_WARN_UNDECLARED_SELECTOR = YES;
				GCC_WARN_UNINITIALIZED_AUTOS = YES_AGGRESSIVE;
				GCC_WARN_UNUSED_FUNCTION = YES;
				GCC_WARN_UNUSED_VARIABLE = YES;
				IPHONEOS_DEPLOYMENT_TARGET = 11.2;
				MTL_ENABLE_DEBUG_INFO = YES;
				ONLY_ACTIVE_ARCH = YES;
				SDKROOT = iphoneos;
				SWIFT_ACTIVE_COMPILATION_CONDITIONS = DEBUG;
				SWIFT_OPTIMIZATION_LEVEL = "-Onone";
			};
			name = Debug;
		};
		42623B741FF9425700100BAC /* Release */ = {
			isa = XCBuildConfiguration;
			buildSettings = {
				ALWAYS_SEARCH_USER_PATHS = NO;
				CLANG_ANALYZER_NONNULL = YES;
				CLANG_ANALYZER_NUMBER_OBJECT_CONVERSION = YES_AGGRESSIVE;
				CLANG_CXX_LANGUAGE_STANDARD = "gnu++14";
				CLANG_CXX_LIBRARY = "libc++";
				CLANG_ENABLE_MODULES = YES;
				CLANG_ENABLE_OBJC_ARC = YES;
				CLANG_WARN_BLOCK_CAPTURE_AUTORELEASING = YES;
				CLANG_WARN_BOOL_CONVERSION = YES;
				CLANG_WARN_COMMA = YES;
				CLANG_WARN_CONSTANT_CONVERSION = YES;
				CLANG_WARN_DIRECT_OBJC_ISA_USAGE = YES_ERROR;
				CLANG_WARN_DOCUMENTATION_COMMENTS = YES;
				CLANG_WARN_EMPTY_BODY = YES;
				CLANG_WARN_ENUM_CONVERSION = YES;
				CLANG_WARN_INFINITE_RECURSION = YES;
				CLANG_WARN_INT_CONVERSION = YES;
				CLANG_WARN_NON_LITERAL_NULL_CONVERSION = YES;
				CLANG_WARN_OBJC_LITERAL_CONVERSION = YES;
				CLANG_WARN_OBJC_ROOT_CLASS = YES_ERROR;
				CLANG_WARN_RANGE_LOOP_ANALYSIS = YES;
				CLANG_WARN_STRICT_PROTOTYPES = YES;
				CLANG_WARN_SUSPICIOUS_MOVE = YES;
				CLANG_WARN_UNGUARDED_AVAILABILITY = YES_AGGRESSIVE;
				CLANG_WARN_UNREACHABLE_CODE = YES;
				CLANG_WARN__DUPLICATE_METHOD_MATCH = YES;
				CODE_SIGN_IDENTITY = "iPhone Developer";
				COPY_PHASE_STRIP = NO;
				DEBUG_INFORMATION_FORMAT = "dwarf-with-dsym";
				ENABLE_NS_ASSERTIONS = NO;
				ENABLE_STRICT_OBJC_MSGSEND = YES;
				GCC_C_LANGUAGE_STANDARD = gnu11;
				GCC_NO_COMMON_BLOCKS = YES;
				GCC_WARN_64_TO_32_BIT_CONVERSION = YES;
				GCC_WARN_ABOUT_RETURN_TYPE = YES_ERROR;
				GCC_WARN_UNDECLARED_SELECTOR = YES;
				GCC_WARN_UNINITIALIZED_AUTOS = YES_AGGRESSIVE;
				GCC_WARN_UNUSED_FUNCTION = YES;
				GCC_WARN_UNUSED_VARIABLE = YES;
				IPHONEOS_DEPLOYMENT_TARGET = 11.2;
				MTL_ENABLE_DEBUG_INFO = NO;
				SDKROOT = iphoneos;
				SWIFT_OPTIMIZATION_LEVEL = "-Owholemodule";
				VALIDATE_PRODUCT = YES;
			};
			name = Release;
		};
		42623B761FF9425700100BAC /* Debug */ = {
			isa = XCBuildConfiguration;
			buildSettings = {
				ASSETCATALOG_COMPILER_APPICON_NAME = AppIcon;
				CODE_SIGN_STYLE = Automatic;
				DEVELOPMENT_TEAM = "";
				INFOPLIST_FILE = "Dev-profile/Info.plist";
				LD_RUNPATH_SEARCH_PATHS = "$(inherited) @executable_path/Frameworks";
				PRODUCT_BUNDLE_IDENTIFIER = "com.nemam.Dev-profile";
				PRODUCT_NAME = "$(TARGET_NAME)";
				SWIFT_VERSION = 4.0;
				TARGETED_DEVICE_FAMILY = "1,2";
			};
			name = Debug;
		};
		42623B771FF9425700100BAC /* Release */ = {
			isa = XCBuildConfiguration;
			buildSettings = {
				ASSETCATALOG_COMPILER_APPICON_NAME = AppIcon;
				CODE_SIGN_STYLE = Automatic;
				DEVELOPMENT_TEAM = "";
				INFOPLIST_FILE = "Dev-profile/Info.plist";
				LD_RUNPATH_SEARCH_PATHS = "$(inherited) @executable_path/Frameworks";
				PRODUCT_BUNDLE_IDENTIFIER = "com.nemam.Dev-profile";
				PRODUCT_NAME = "$(TARGET_NAME)";
				SWIFT_VERSION = 4.0;
				TARGETED_DEVICE_FAMILY = "1,2";
			};
			name = Release;
		};
/* End XCBuildConfiguration section */

/* Begin XCConfigurationList section */
		42623B5E1FF9425600100BAC /* Build configuration list for PBXProject "Dev-profile" */ = {
			isa = XCConfigurationList;
			buildConfigurations = (
				42623B731FF9425700100BAC /* Debug */,
				42623B741FF9425700100BAC /* Release */,
			);
			defaultConfigurationIsVisible = 0;
			defaultConfigurationName = Release;
		};
		42623B751FF9425700100BAC /* Build configuration list for PBXNativeTarget "Dev-profile" */ = {
			isa = XCConfigurationList;
			buildConfigurations = (
				42623B761FF9425700100BAC /* Debug */,
				42623B771FF9425700100BAC /* Release */,
			);
			defaultConfigurationIsVisible = 0;
			defaultConfigurationName = Release;
		};
/* End XCConfigurationList section */
	};
	rootObject = 42623B5B1FF9425600100BAC /* Project object */;
}
